
Microsoft Visual Studio Solution File, Format Version 12.00
# Visual Studio 15
VisualStudioVersion = 15.0.35026.233
MinimumVisualStudioVersion = 10.0.40219.1
Project("{262852C6-CD72-467D-83FE-5EEB1973A190}") = "subwayTube", "subwayTube\subwayTube.jsproj", "{40A17546-D133-479C-8FCF-28B6565BDDDC}"
EndProject
Global
	GlobalSection(SolutionConfigurationPlatforms) = preSolution
		Debug|Any CPU = Debug|Any CPU
		Debug|ARM = Debug|ARM
		Debug|ARM64 = Debug|ARM64
		Debug|x64 = Debug|x64
		Debug|x86 = Debug|x86
		Release|Any CPU = Release|Any CPU
		Release|ARM = Release|ARM
		Release|ARM64 = Release|ARM64
		Release|x64 = Release|x64
		Release|x86 = Release|x86
	EndGlobalSection
	GlobalSection(ProjectConfigurationPlatforms) = postSolution
		{40A17546-D133-479C-8FCF-28B6565BDDDC}.Debug|Any CPU.ActiveCfg = Debug|Any CPU
		{40A17546-D133-479C-8FCF-28B6565BDDDC}.Debug|Any CPU.Build.0 = Debug|Any CPU
		{40A17546-D133-479C-8FCF-28B6565BDDDC}.Debug|Any CPU.Deploy.0 = Debug|Any CPU
		{40A17546-D133-479C-8FCF-28B6565BDDDC}.Debug|ARM.ActiveCfg = Debug|ARM
		{40A17546-D133-479C-8FCF-28B6565BDDDC}.Debug|ARM.Build.0 = Debug|ARM
		{40A17546-D133-479C-8FCF-28B6565BDDDC}.Debug|ARM.Deploy.0 = Debug|ARM
		{40A17546-D133-479C-8FCF-28B6565BDDDC}.Debug|ARM64.ActiveCfg = Debug|ARM64
		{40A17546-D133-479C-8FCF-28B6565BDDDC}.Debug|ARM64.Build.0 = Debug|ARM64
		{40A17546-D133-479C-8FCF-28B6565BDDDC}.Debug|ARM64.Deploy.0 = Debug|ARM64
		{40A17546-D133-479C-8FCF-28B6565BDDDC}.Debug|x64.ActiveCfg = Debug|x64
		{40A17546-D133-479C-8FCF-28B6565BDDDC}.Debug|x64.Build.0 = Debug|x64
		{40A17546-D133-479C-8FCF-28B6565BDDDC}.Debug|x64.Deploy.0 = Debug|x64
		{40A17546-D133-479C-8FCF-28B6565BDDDC}.Debug|x86.ActiveCfg = Debug|x86
		{40A17546-D133-479C-8FCF-28B6565BDDDC}.Debug|x86.Build.0 = Debug|x86
		{40A17546-D133-479C-8FCF-28B6565BDDDC}.Debug|x86.Deploy.0 = Debug|x86
		{40A17546-D133-479C-8FCF-28B6565BDDDC}.Release|Any CPU.ActiveCfg = Release|Any CPU
		{40A17546-D133-479C-8FCF-28B6565BDDDC}.Release|Any CPU.Build.0 = Release|Any CPU
		{40A17546-D133-479C-8FCF-28B6565BDDDC}.Release|Any CPU.Deploy.0 = Release|Any CPU
		{40A17546-D133-479C-8FCF-28B6565BDDDC}.Release|ARM.ActiveCfg = Release|ARM
		{40A17546-D133-479C-8FCF-28B6565BDDDC}.Release|ARM.Build.0 = Release|ARM
		{40A17546-D133-479C-8FCF-28B6565BDDDC}.Release|ARM.Deploy.0 = Release|ARM
		{40A17546-D133-479C-8FCF-28B6565BDDDC}.Release|ARM64.ActiveCfg = Release|ARM64
		{40A17546-D133-479C-8FCF-28B6565BDDDC}.Release|ARM64.Build.0 = Release|ARM64
		{40A17546-D133-479C-8FCF-28B6565BDDDC}.Release|ARM64.Deploy.0 = Release|ARM64
		{40A17546-D133-479C-8FCF-28B6565BDDDC}.Release|x64.ActiveCfg = Release|x64
		{40A17546-D133-479C-8FCF-28B6565BDDDC}.Release|x64.Build.0 = Release|x64
		{40A17546-D133-479C-8FCF-28B6565BDDDC}.Release|x64.Deploy.0 = Release|x64
		{40A17546-D133-479C-8FCF-28B6565BDDDC}.Release|x86.ActiveCfg = Release|x86
		{40A17546-D133-479C-8FCF-28B6565BDDDC}.Release|x86.Build.0 = Release|x86
		{40A17546-D133-479C-8FCF-28B6565BDDDC}.Release|x86.Deploy.0 = Release|x86
	EndGlobalSection
	GlobalSection(SolutionProperties) = preSolution
		HideSolutionNode = FALSE
	EndGlobalSection
	GlobalSection(ExtensibilityGlobals) = postSolution
		SolutionGuid = {DF5298E1-3B38-470E-8828-500EC43E3666}
	EndGlobalSection
EndGlobal
